
Microsoft Visual Studio Solution File, Format Version 12.00
# Visual Studio Version 16
VisualStudioVersion = 16.0.29613.14
MinimumVisualStudioVersion = 10.0.40219.1
Project("{FAE04EC0-301F-11D3-BF4B-00C04F79EFBC}") = "TravelRecordApp.UWP", "TravelRecordApp\TravelRecordApp.UWP\TravelRecordApp.UWP.csproj", "{0B9A1CDB-2637-48D3-BAF9-13398F04A923}"
EndProject
Project("{FAE04EC0-301F-11D3-BF4B-00C04F79EFBC}") = "TravelRecordApp.Android", "TravelRecordApp\TravelRecordApp.Android\TravelRecordApp.Android.csproj", "{057DBFC6-AD2A-4858-945C-E8F2C6D4B243}"
EndProject
Project("{FAE04EC0-301F-11D3-BF4B-00C04F79EFBC}") = "TravelRecordApp.iOS", "TravelRecordApp\TravelRecordApp.iOS\TravelRecordApp.iOS.csproj", "{A66D7B67-601C-4B42-B37A-F3598993CF3F}"
EndProject
Project("{FAE04EC0-301F-11D3-BF4B-00C04F79EFBC}") = "TravelRecordApp", "TravelRecordApp\TravelRecordApp\TravelRecordApp.csproj", "{C72BB815-DDD5-4E41-95DA-946759F9AF2C}"
EndProject
Global
	GlobalSection(SolutionConfigurationPlatforms) = preSolution
		Debug|Any CPU = Debug|Any CPU
		Debug|ARM = Debug|ARM
		Debug|iPhone = Debug|iPhone
		Debug|iPhoneSimulator = Debug|iPhoneSimulator
		Debug|x64 = Debug|x64
		Debug|x86 = Debug|x86
		Release|Any CPU = Release|Any CPU
		Release|ARM = Release|ARM
		Release|iPhone = Release|iPhone
		Release|iPhoneSimulator = Release|iPhoneSimulator
		Release|x64 = Release|x64
		Release|x86 = Release|x86
	EndGlobalSection
	GlobalSection(ProjectConfigurationPlatforms) = postSolution
		{0B9A1CDB-2637-48D3-BAF9-13398F04A923}.Debug|Any CPU.ActiveCfg = Debug|x86
		{0B9A1CDB-2637-48D3-BAF9-13398F04A923}.Debug|Any CPU.Build.0 = Debug|x86
		{0B9A1CDB-2637-48D3-BAF9-13398F04A923}.Debug|Any CPU.Deploy.0 = Debug|x86
		{0B9A1CDB-2637-48D3-BAF9-13398F04A923}.Debug|ARM.ActiveCfg = Debug|ARM
		{0B9A1CDB-2637-48D3-BAF9-13398F04A923}.Debug|ARM.Build.0 = Debug|ARM
		{0B9A1CDB-2637-48D3-BAF9-13398F04A923}.Debug|ARM.Deploy.0 = Debug|ARM
		{0B9A1CDB-2637-48D3-BAF9-13398F04A923}.Debug|iPhone.ActiveCfg = Debug|x86
		{0B9A1CDB-2637-48D3-BAF9-13398F04A923}.Debug|iPhone.Build.0 = Debug|x86
		{0B9A1CDB-2637-48D3-BAF9-13398F04A923}.Debug|iPhone.Deploy.0 = Debug|x86
		{0B9A1CDB-2637-48D3-BAF9-13398F04A923}.Debug|iPhoneSimulator.ActiveCfg = Debug|x86
		{0B9A1CDB-2637-48D3-BAF9-13398F04A923}.Debug|iPhoneSimulator.Build.0 = Debug|x86
		{0B9A1CDB-2637-48D3-BAF9-13398F04A923}.Debug|iPhoneSimulator.Deploy.0 = Debug|x86
		{0B9A1CDB-2637-48D3-BAF9-13398F04A923}.Debug|x64.ActiveCfg = Debug|x64
		{0B9A1CDB-2637-48D3-BAF9-13398F04A923}.Debug|x64.Build.0 = Debug|x64
		{0B9A1CDB-2637-48D3-BAF9-13398F04A923}.Debug|x64.Deploy.0 = Debug|x64
		{0B9A1CDB-2637-48D3-BAF9-13398F04A923}.Debug|x86.ActiveCfg = Debug|x86
		{0B9A1CDB-2637-48D3-BAF9-13398F04A923}.Debug|x86.Build.0 = Debug|x86
		{0B9A1CDB-2637-48D3-BAF9-13398F04A923}.Debug|x86.Deploy.0 = Debug|x86
		{0B9A1CDB-2637-48D3-BAF9-13398F04A923}.Release|Any CPU.ActiveCfg = Release|x86
		{0B9A1CDB-2637-48D3-BAF9-13398F04A923}.Release|Any CPU.Build.0 = Release|x86
		{0B9A1CDB-2637-48D3-BAF9-13398F04A923}.Release|Any CPU.Deploy.0 = Release|x86
		{0B9A1CDB-2637-48D3-BAF9-13398F04A923}.Release|ARM.ActiveCfg = Release|ARM
		{0B9A1CDB-2637-48D3-BAF9-13398F04A923}.Release|ARM.Build.0 = Release|ARM
		{0B9A1CDB-2637-48D3-BAF9-13398F04A923}.Release|ARM.Deploy.0 = Release|ARM
		{0B9A1CDB-2637-48D3-BAF9-13398F04A923}.Release|iPhone.ActiveCfg = Release|x86
		{0B9A1CDB-2637-48D3-BAF9-13398F04A923}.Release|iPhone.Build.0 = Release|x86
		{0B9A1CDB-2637-48D3-BAF9-13398F04A923}.Release|iPhone.Deploy.0 = Release|x86
		{0B9A1CDB-2637-48D3-BAF9-13398F04A923}.Release|iPhoneSimulator.ActiveCfg = Release|x86
		{0B9A1CDB-2637-48D3-BAF9-13398F04A923}.Release|iPhoneSimulator.Build.0 = Release|x86
		{0B9A1CDB-2637-48D3-BAF9-13398F04A923}.Release|iPhoneSimulator.Deploy.0 = Release|x86
		{0B9A1CDB-2637-48D3-BAF9-13398F04A923}.Release|x64.ActiveCfg = Release|x64
		{0B9A1CDB-2637-48D3-BAF9-13398F04A923}.Release|x64.Build.0 = Release|x64
		{0B9A1CDB-2637-48D3-BAF9-13398F04A923}.Release|x64.Deploy.0 = Release|x64
		{0B9A1CDB-2637-48D3-BAF9-13398F04A923}.Release|x86.ActiveCfg = Release|x86
		{0B9A1CDB-2637-48D3-BAF9-13398F04A923}.Release|x86.Build.0 = Release|x86
		{0B9A1CDB-2637-48D3-BAF9-13398F04A923}.Release|x86.Deploy.0 = Release|x86
		{057DBFC6-AD2A-4858-945C-E8F2C6D4B243}.Debug|Any CPU.ActiveCfg = Debug|Any CPU
		{057DBFC6-AD2A-4858-945C-E8F2C6D4B243}.Debug|Any CPU.Build.0 = Debug|Any CPU
		{057DBFC6-AD2A-4858-945C-E8F2C6D4B243}.Debug|Any CPU.Deploy.0 = Debug|Any CPU
		{057DBFC6-AD2A-4858-945C-E8F2C6D4B243}.Debug|ARM.ActiveCfg = Debug|Any CPU
		{057DBFC6-AD2A-4858-945C-E8F2C6D4B243}.Debug|ARM.Build.0 = Debug|Any CPU
		{057DBFC6-AD2A-4858-945C-E8F2C6D4B243}.Debug|ARM.Deploy.0 = Debug|Any CPU
		{057DBFC6-AD2A-4858-945C-E8F2C6D4B243}.Debug|iPhone.ActiveCfg = Debug|Any CPU
		{057DBFC6-AD2A-4858-945C-E8F2C6D4B243}.Debug|iPhone.Build.0 = Debug|Any CPU
		{057DBFC6-AD2A-4858-945C-E8F2C6D4B243}.Debug|iPhone.Deploy.0 = Debug|Any CPU
		{057DBFC6-AD2A-4858-945C-E8F2C6D4B243}.Debug|iPhoneSimulator.ActiveCfg = Debug|Any CPU
		{057DBFC6-AD2A-4858-945C-E8F2C6D4B243}.Debug|iPhoneSimulator.Build.0 = Debug|Any CPU
		{057DBFC6-AD2A-4858-945C-E8F2C6D4B243}.Debug|iPhoneSimulator.Deploy.0 = Debug|Any CPU
		{057DBFC6-AD2A-4858-945C-E8F2C6D4B243}.Debug|x64.ActiveCfg = Debug|Any CPU
		{057DBFC6-AD2A-4858-945C-E8F2C6D4B243}.Debug|x64.Build.0 = Debug|Any CPU
		{057DBFC6-AD2A-4858-945C-E8F2C6D4B243}.Debug|x64.Deploy.0 = Debug|Any CPU
		{057DBFC6-AD2A-4858-945C-E8F2C6D4B243}.Debug|x86.ActiveCfg = Debug|Any CPU
		{057DBFC6-AD2A-4858-945C-E8F2C6D4B243}.Debug|x86.Build.0 = Debug|Any CPU
		{057DBFC6-AD2A-4858-945C-E8F2C6D4B243}.Debug|x86.Deploy.0 = Debug|Any CPU
		{057DBFC6-AD2A-4858-945C-E8F2C6D4B243}.Release|Any CPU.ActiveCfg = Release|Any CPU
		{057DBFC6-AD2A-4858-945C-E8F2C6D4B243}.Release|Any CPU.Build.0 = Release|Any CPU
		{057DBFC6-AD2A-4858-945C-E8F2C6D4B243}.Release|Any CPU.Deploy.0 = Release|Any CPU
		{057DBFC6-AD2A-4858-945C-E8F2C6D4B243}.Release|ARM.ActiveCfg = Release|Any CPU
		{057DBFC6-AD2A-4858-945C-E8F2C6D4B243}.Release|ARM.Build.0 = Release|Any CPU
		{057DBFC6-AD2A-4858-945C-E8F2C6D4B243}.Release|ARM.Deploy.0 = Release|Any CPU
		{057DBFC6-AD2A-4858-945C-E8F2C6D4B243}.Release|iPhone.ActiveCfg = Release|Any CPU
		{057DBFC6-AD2A-4858-945C-E8F2C6D4B243}.Release|iPhone.Build.0 = Release|Any CPU
		{057DBFC6-AD2A-4858-945C-E8F2C6D4B243}.Release|iPhone.Deploy.0 = Release|Any CPU
		{057DBFC6-AD2A-4858-945C-E8F2C6D4B243}.Release|iPhoneSimulator.ActiveCfg = Release|Any CPU
		{057DBFC6-AD2A-4858-945C-E8F2C6D4B243}.Release|iPhoneSimulator.Build.0 = Release|Any CPU
		{057DBFC6-AD2A-4858-945C-E8F2C6D4B243}.Release|iPhoneSimulator.Deploy.0 = Release|Any CPU
		{057DBFC6-AD2A-4858-945C-E8F2C6D4B243}.Release|x64.ActiveCfg = Release|Any CPU
		{057DBFC6-AD2A-4858-945C-E8F2C6D4B243}.Release|x64.Build.0 = Release|Any CPU
		{057DBFC6-AD2A-4858-945C-E8F2C6D4B243}.Release|x64.Deploy.0 = Release|Any CPU
		{057DBFC6-AD2A-4858-945C-E8F2C6D4B243}.Release|x86.ActiveCfg = Release|Any CPU
		{057DBFC6-AD2A-4858-945C-E8F2C6D4B243}.Release|x86.Build.0 = Release|Any CPU
		{057DBFC6-AD2A-4858-945C-E8F2C6D4B243}.Release|x86.Deploy.0 = Release|Any CPU
		{A66D7B67-601C-4B42-B37A-F3598993CF3F}.Debug|Any CPU.ActiveCfg = Debug|iPhone
		{A66D7B67-601C-4B42-B37A-F3598993CF3F}.Debug|Any CPU.Build.0 = Debug|iPhone
		{A66D7B67-601C-4B42-B37A-F3598993CF3F}.Debug|Any CPU.Deploy.0 = Debug|iPhone
		{A66D7B67-601C-4B42-B37A-F3598993CF3F}.Debug|ARM.ActiveCfg = Debug|iPhoneSimulator
		{A66D7B67-601C-4B42-B37A-F3598993CF3F}.Debug|ARM.Build.0 = Debug|iPhoneSimulator
		{A66D7B67-601C-4B42-B37A-F3598993CF3F}.Debug|ARM.Deploy.0 = Debug|iPhoneSimulator
		{A66D7B67-601C-4B42-B37A-F3598993CF3F}.Debug|iPhone.ActiveCfg = Debug|iPhone
		{A66D7B67-601C-4B42-B37A-F3598993CF3F}.Debug|iPhone.Build.0 = Debug|iPhone
		{A66D7B67-601C-4B42-B37A-F3598993CF3F}.Debug|iPhone.Deploy.0 = Debug|iPhone
		{A66D7B67-601C-4B42-B37A-F3598993CF3F}.Debug|iPhoneSimulator.ActiveCfg = Debug|iPhoneSimulator
		{A66D7B67-601C-4B42-B37A-F3598993CF3F}.Debug|iPhoneSimulator.Build.0 = Debug|iPhoneSimulator
		{A66D7B67-601C-4B42-B37A-F3598993CF3F}.Debug|iPhoneSimulator.Deploy.0 = Debug|iPhoneSimulator
		{A66D7B67-601C-4B42-B37A-F3598993CF3F}.Debug|x64.ActiveCfg = Debug|iPhone
		{A66D7B67-601C-4B42-B37A-F3598993CF3F}.Debug|x64.Build.0 = Debug|iPhone
		{A66D7B67-601C-4B42-B37A-F3598993CF3F}.Debug|x64.Deploy.0 = Debug|iPhone
		{A66D7B67-601C-4B42-B37A-F3598993CF3F}.Debug|x86.ActiveCfg = Debug|iPhone
		{A66D7B67-601C-4B42-B37A-F3598993CF3F}.Debug|x86.Build.0 = Debug|iPhone
		{A66D7B67-601C-4B42-B37A-F3598993CF3F}.Debug|x86.Deploy.0 = Debug|iPhone
		{A66D7B67-601C-4B42-B37A-F3598993CF3F}.Release|Any CPU.ActiveCfg = Release|iPhone
		{A66D7B67-601C-4B42-B37A-F3598993CF3F}.Release|Any CPU.Build.0 = Release|iPhone
		{A66D7B67-601C-4B42-B37A-F3598993CF3F}.Release|Any CPU.Deploy.0 = Release|iPhone
		{A66D7B67-601C-4B42-B37A-F3598993CF3F}.Release|ARM.ActiveCfg = Release|iPhone
		{A66D7B67-601C-4B42-B37A-F3598993CF3F}.Release|ARM.Build.0 = Release|iPhone
		{A66D7B67-601C-4B42-B37A-F3598993CF3F}.Release|ARM.Deploy.0 = Release|iPhone
		{A66D7B67-601C-4B42-B37A-F3598993CF3F}.Release|iPhone.ActiveCfg = Release|iPhone
		{A66D7B67-601C-4B42-B37A-F3598993CF3F}.Release|iPhone.Build.0 = Release|iPhone
		{A66D7B67-601C-4B42-B37A-F3598993CF3F}.Release|iPhone.Deploy.0 = Release|iPhone
		{A66D7B67-601C-4B42-B37A-F3598993CF3F}.Release|iPhoneSimulator.ActiveCfg = Release|iPhoneSimulator
		{A66D7B67-601C-4B42-B37A-F3598993CF3F}.Release|iPhoneSimulator.Build.0 = Release|iPhoneSimulator
		{A66D7B67-601C-4B42-B37A-F3598993CF3F}.Release|iPhoneSimulator.Deploy.0 = Release|iPhoneSimulator
		{A66D7B67-601C-4B42-B37A-F3598993CF3F}.Release|x64.ActiveCfg = Release|iPhone
		{A66D7B67-601C-4B42-B37A-F3598993CF3F}.Release|x64.Build.0 = Release|iPhone
		{A66D7B67-601C-4B42-B37A-F3598993CF3F}.Release|x64.Deploy.0 = Release|iPhone
		{A66D7B67-601C-4B42-B37A-F3598993CF3F}.Release|x86.ActiveCfg = Release|iPhone
		{A66D7B67-601C-4B42-B37A-F3598993CF3F}.Release|x86.Build.0 = Release|iPhone
		{A66D7B67-601C-4B42-B37A-F3598993CF3F}.Release|x86.Deploy.0 = Release|iPhone
		{C72BB815-DDD5-4E41-95DA-946759F9AF2C}.Debug|Any CPU.ActiveCfg = Debug|Any CPU
		{C72BB815-DDD5-4E41-95DA-946759F9AF2C}.Debug|Any CPU.Build.0 = Debug|Any CPU
		{C72BB815-DDD5-4E41-95DA-946759F9AF2C}.Debug|Any CPU.Deploy.0 = Debug|Any CPU
		{C72BB815-DDD5-4E41-95DA-946759F9AF2C}.Debug|ARM.ActiveCfg = Debug|Any CPU
		{C72BB815-DDD5-4E41-95DA-946759F9AF2C}.Debug|ARM.Build.0 = Debug|Any CPU
		{C72BB815-DDD5-4E41-95DA-946759F9AF2C}.Debug|ARM.Deploy.0 = Debug|Any CPU
		{C72BB815-DDD5-4E41-95DA-946759F9AF2C}.Debug|iPhone.ActiveCfg = Debug|Any CPU
		{C72BB815-DDD5-4E41-95DA-946759F9AF2C}.Debug|iPhone.Build.0 = Debug|Any CPU
		{C72BB815-DDD5-4E41-95DA-946759F9AF2C}.Debug|iPhone.Deploy.0 = Debug|Any CPU
		{C72BB815-DDD5-4E41-95DA-946759F9AF2C}.Debug|iPhoneSimulator.ActiveCfg = Debug|Any CPU
		{C72BB815-DDD5-4E41-95DA-946759F9AF2C}.Debug|iPhoneSimulator.Build.0 = Debug|Any CPU
		{C72BB815-DDD5-4E41-95DA-946759F9AF2C}.Debug|iPhoneSimulator.Deploy.0 = Debug|Any CPU
		{C72BB815-DDD5-4E41-95DA-946759F9AF2C}.Debug|x64.ActiveCfg = Debug|Any CPU
		{C72BB815-DDD5-4E41-95DA-946759F9AF2C}.Debug|x64.Build.0 = Debug|Any CPU
		{C72BB815-DDD5-4E41-95DA-946759F9AF2C}.Debug|x64.Deploy.0 = Debug|Any CPU
		{C72BB815-DDD5-4E41-95DA-946759F9AF2C}.Debug|x86.ActiveCfg = Debug|Any CPU
		{C72BB815-DDD5-4E41-95DA-946759F9AF2C}.Debug|x86.Build.0 = Debug|Any CPU
		{C72BB815-DDD5-4E41-95DA-946759F9AF2C}.Debug|x86.Deploy.0 = Debug|Any CPU
		{C72BB815-DDD5-4E41-95DA-946759F9AF2C}.Release|Any CPU.ActiveCfg = Release|Any CPU
		{C72BB815-DDD5-4E41-95DA-946759F9AF2C}.Release|Any CPU.Build.0 = Release|Any CPU
		{C72BB815-DDD5-4E41-95DA-946759F9AF2C}.Release|Any CPU.Deploy.0 = Release|Any CPU
		{C72BB815-DDD5-4E41-95DA-946759F9AF2C}.Release|ARM.ActiveCfg = Release|Any CPU
		{C72BB815-DDD5-4E41-95DA-946759F9AF2C}.Release|ARM.Build.0 = Release|Any CPU
		{C72BB815-DDD5-4E41-95DA-946759F9AF2C}.Release|ARM.Deploy.0 = Release|Any CPU
		{C72BB815-DDD5-4E41-95DA-946759F9AF2C}.Release|iPhone.ActiveCfg = Release|Any CPU
		{C72BB815-DDD5-4E41-95DA-946759F9AF2C}.Release|iPhone.Build.0 = Release|Any CPU
		{C72BB815-DDD5-4E41-95DA-946759F9AF2C}.Release|iPhone.Deploy.0 = Release|Any CPU
		{C72BB815-DDD5-4E41-95DA-946759F9AF2C}.Release|iPhoneSimulator.ActiveCfg = Release|Any CPU
		{C72BB815-DDD5-4E41-95DA-946759F9AF2C}.Release|iPhoneSimulator.Build.0 = Release|Any CPU
		{C72BB815-DDD5-4E41-95DA-946759F9AF2C}.Release|iPhoneSimulator.Deploy.0 = Release|Any CPU
		{C72BB815-DDD5-4E41-95DA-946759F9AF2C}.Release|x64.ActiveCfg = Release|Any CPU
		{C72BB815-DDD5-4E41-95DA-946759F9AF2C}.Release|x64.Build.0 = Release|Any CPU
		{C72BB815-DDD5-4E41-95DA-946759F9AF2C}.Release|x64.Deploy.0 = Release|Any CPU
		{C72BB815-DDD5-4E41-95DA-946759F9AF2C}.Release|x86.ActiveCfg = Release|Any CPU
		{C72BB815-DDD5-4E41-95DA-946759F9AF2C}.Release|x86.Build.0 = Release|Any CPU
		{C72BB815-DDD5-4E41-95DA-946759F9AF2C}.Release|x86.Deploy.0 = Release|Any CPU
	EndGlobalSection
	GlobalSection(SolutionProperties) = preSolution
		HideSolutionNode = FALSE
	EndGlobalSection
	GlobalSection(ExtensibilityGlobals) = postSolution
		SolutionGuid = {8D9A790E-634B-4D95-88D1-1838E4532E5F}
	EndGlobalSection
EndGlobal
