
Microsoft Visual Studio Solution File, Format Version 12.00
# Visual Studio Version 16
VisualStudioVersion = 16.0.29613.14
MinimumVisualStudioVersion = 10.0.40219.1
Project("{FAE04EC0-301F-11D3-BF4B-00C04F79EFBC}") = "SuperSliderWin", "SuperSliderWin\SuperSliderWin.csproj", "{6E978858-2CF4-41F1-B7A9-C84AC6856D67}"
EndProject
Global
	GlobalSection(SolutionConfigurationPlatforms) = preSolution
		Debug|Any CPU = Debug|Any CPU
		Release|Any CPU = Release|Any CPU
	EndGlobalSection
	GlobalSection(ProjectConfigurationPlatforms) = postSolution
		{6E978858-2CF4-41F1-B7A9-C84AC6856D67}.Debug|Any CPU.ActiveCfg = Debug|Any CPU
		{6E978858-2CF4-41F1-B7A9-C84AC6856D67}.Debug|Any CPU.Build.0 = Debug|Any CPU
		{6E978858-2CF4-41F1-B7A9-C84AC6856D67}.Release|Any CPU.ActiveCfg = Release|Any CPU
		{6E978858-2CF4-41F1-B7A9-C84AC6856D67}.Release|Any CPU.Build.0 = Release|Any CPU
	EndGlobalSection
	GlobalSection(SolutionProperties) = preSolution
		HideSolutionNode = FALSE
	EndGlobalSection
	GlobalSection(ExtensibilityGlobals) = postSolution
		SolutionGuid = {AF6895EA-4BF5-4DDD-AB86-F0ADCA92A5FB}
	EndGlobalSection
EndGlobal
