
Microsoft Visual Studio Solution File, Format Version 12.00
# Visual Studio Version 16
VisualStudioVersion = 16.0.29609.76
MinimumVisualStudioVersion = 10.0.40219.1
Project("{FAE04EC0-301F-11D3-BF4B-00C04F79EFBC}") = "HelloXamarin.UWP", "HelloXamarin\HelloXamarin.UWP\HelloXamarin.UWP.csproj", "{34500727-F77E-4460-A492-0D8A7A96A2BD}"
EndProject
Project("{FAE04EC0-301F-11D3-BF4B-00C04F79EFBC}") = "HelloXamarin.Android", "HelloXamarin\HelloXamarin.Android\HelloXamarin.Android.csproj", "{D7EE5EEF-521D-4278-AA4F-9B16B8E1D6D4}"
EndProject
Project("{FAE04EC0-301F-11D3-BF4B-00C04F79EFBC}") = "HelloXamarin.iOS", "HelloXamarin\HelloXamarin.iOS\HelloXamarin.iOS.csproj", "{2C255203-7BEB-4B2A-BE00-2199DDD52DAE}"
EndProject
Project("{FAE04EC0-301F-11D3-BF4B-00C04F79EFBC}") = "HelloXamarin", "HelloXamarin\HelloXamarin\HelloXamarin.csproj", "{EAD75F83-1C7C-43A6-84FB-A3CE8D0F5D3B}"
EndProject
Global
	GlobalSection(SolutionConfigurationPlatforms) = preSolution
		Debug|Any CPU = Debug|Any CPU
		Debug|ARM = Debug|ARM
		Debug|iPhone = Debug|iPhone
		Debug|iPhoneSimulator = Debug|iPhoneSimulator
		Debug|x64 = Debug|x64
		Debug|x86 = Debug|x86
		Release|Any CPU = Release|Any CPU
		Release|ARM = Release|ARM
		Release|iPhone = Release|iPhone
		Release|iPhoneSimulator = Release|iPhoneSimulator
		Release|x64 = Release|x64
		Release|x86 = Release|x86
	EndGlobalSection
	GlobalSection(ProjectConfigurationPlatforms) = postSolution
		{34500727-F77E-4460-A492-0D8A7A96A2BD}.Debug|Any CPU.ActiveCfg = Debug|x86
		{34500727-F77E-4460-A492-0D8A7A96A2BD}.Debug|Any CPU.Build.0 = Debug|x86
		{34500727-F77E-4460-A492-0D8A7A96A2BD}.Debug|Any CPU.Deploy.0 = Debug|x86
		{34500727-F77E-4460-A492-0D8A7A96A2BD}.Debug|ARM.ActiveCfg = Debug|ARM
		{34500727-F77E-4460-A492-0D8A7A96A2BD}.Debug|ARM.Build.0 = Debug|ARM
		{34500727-F77E-4460-A492-0D8A7A96A2BD}.Debug|ARM.Deploy.0 = Debug|ARM
		{34500727-F77E-4460-A492-0D8A7A96A2BD}.Debug|iPhone.ActiveCfg = Debug|x86
		{34500727-F77E-4460-A492-0D8A7A96A2BD}.Debug|iPhone.Build.0 = Debug|x86
		{34500727-F77E-4460-A492-0D8A7A96A2BD}.Debug|iPhone.Deploy.0 = Debug|x86
		{34500727-F77E-4460-A492-0D8A7A96A2BD}.Debug|iPhoneSimulator.ActiveCfg = Debug|x86
		{34500727-F77E-4460-A492-0D8A7A96A2BD}.Debug|iPhoneSimulator.Build.0 = Debug|x86
		{34500727-F77E-4460-A492-0D8A7A96A2BD}.Debug|iPhoneSimulator.Deploy.0 = Debug|x86
		{34500727-F77E-4460-A492-0D8A7A96A2BD}.Debug|x64.ActiveCfg = Debug|x64
		{34500727-F77E-4460-A492-0D8A7A96A2BD}.Debug|x64.Build.0 = Debug|x64
		{34500727-F77E-4460-A492-0D8A7A96A2BD}.Debug|x64.Deploy.0 = Debug|x64
		{34500727-F77E-4460-A492-0D8A7A96A2BD}.Debug|x86.ActiveCfg = Debug|x86
		{34500727-F77E-4460-A492-0D8A7A96A2BD}.Debug|x86.Build.0 = Debug|x86
		{34500727-F77E-4460-A492-0D8A7A96A2BD}.Debug|x86.Deploy.0 = Debug|x86
		{34500727-F77E-4460-A492-0D8A7A96A2BD}.Release|Any CPU.ActiveCfg = Release|x86
		{34500727-F77E-4460-A492-0D8A7A96A2BD}.Release|Any CPU.Build.0 = Release|x86
		{34500727-F77E-4460-A492-0D8A7A96A2BD}.Release|Any CPU.Deploy.0 = Release|x86
		{34500727-F77E-4460-A492-0D8A7A96A2BD}.Release|ARM.ActiveCfg = Release|ARM
		{34500727-F77E-4460-A492-0D8A7A96A2BD}.Release|ARM.Build.0 = Release|ARM
		{34500727-F77E-4460-A492-0D8A7A96A2BD}.Release|ARM.Deploy.0 = Release|ARM
		{34500727-F77E-4460-A492-0D8A7A96A2BD}.Release|iPhone.ActiveCfg = Release|x86
		{34500727-F77E-4460-A492-0D8A7A96A2BD}.Release|iPhone.Build.0 = Release|x86
		{34500727-F77E-4460-A492-0D8A7A96A2BD}.Release|iPhone.Deploy.0 = Release|x86
		{34500727-F77E-4460-A492-0D8A7A96A2BD}.Release|iPhoneSimulator.ActiveCfg = Release|x86
		{34500727-F77E-4460-A492-0D8A7A96A2BD}.Release|iPhoneSimulator.Build.0 = Release|x86
		{34500727-F77E-4460-A492-0D8A7A96A2BD}.Release|iPhoneSimulator.Deploy.0 = Release|x86
		{34500727-F77E-4460-A492-0D8A7A96A2BD}.Release|x64.ActiveCfg = Release|x64
		{34500727-F77E-4460-A492-0D8A7A96A2BD}.Release|x64.Build.0 = Release|x64
		{34500727-F77E-4460-A492-0D8A7A96A2BD}.Release|x64.Deploy.0 = Release|x64
		{34500727-F77E-4460-A492-0D8A7A96A2BD}.Release|x86.ActiveCfg = Release|x86
		{34500727-F77E-4460-A492-0D8A7A96A2BD}.Release|x86.Build.0 = Release|x86
		{34500727-F77E-4460-A492-0D8A7A96A2BD}.Release|x86.Deploy.0 = Release|x86
		{D7EE5EEF-521D-4278-AA4F-9B16B8E1D6D4}.Debug|Any CPU.ActiveCfg = Debug|Any CPU
		{D7EE5EEF-521D-4278-AA4F-9B16B8E1D6D4}.Debug|Any CPU.Build.0 = Debug|Any CPU
		{D7EE5EEF-521D-4278-AA4F-9B16B8E1D6D4}.Debug|Any CPU.Deploy.0 = Debug|Any CPU
		{D7EE5EEF-521D-4278-AA4F-9B16B8E1D6D4}.Debug|ARM.ActiveCfg = Debug|Any CPU
		{D7EE5EEF-521D-4278-AA4F-9B16B8E1D6D4}.Debug|ARM.Build.0 = Debug|Any CPU
		{D7EE5EEF-521D-4278-AA4F-9B16B8E1D6D4}.Debug|ARM.Deploy.0 = Debug|Any CPU
		{D7EE5EEF-521D-4278-AA4F-9B16B8E1D6D4}.Debug|iPhone.ActiveCfg = Debug|Any CPU
		{D7EE5EEF-521D-4278-AA4F-9B16B8E1D6D4}.Debug|iPhone.Build.0 = Debug|Any CPU
		{D7EE5EEF-521D-4278-AA4F-9B16B8E1D6D4}.Debug|iPhone.Deploy.0 = Debug|Any CPU
		{D7EE5EEF-521D-4278-AA4F-9B16B8E1D6D4}.Debug|iPhoneSimulator.ActiveCfg = Debug|Any CPU
		{D7EE5EEF-521D-4278-AA4F-9B16B8E1D6D4}.Debug|iPhoneSimulator.Build.0 = Debug|Any CPU
		{D7EE5EEF-521D-4278-AA4F-9B16B8E1D6D4}.Debug|iPhoneSimulator.Deploy.0 = Debug|Any CPU
		{D7EE5EEF-521D-4278-AA4F-9B16B8E1D6D4}.Debug|x64.ActiveCfg = Debug|Any CPU
		{D7EE5EEF-521D-4278-AA4F-9B16B8E1D6D4}.Debug|x64.Build.0 = Debug|Any CPU
		{D7EE5EEF-521D-4278-AA4F-9B16B8E1D6D4}.Debug|x64.Deploy.0 = Debug|Any CPU
		{D7EE5EEF-521D-4278-AA4F-9B16B8E1D6D4}.Debug|x86.ActiveCfg = Debug|Any CPU
		{D7EE5EEF-521D-4278-AA4F-9B16B8E1D6D4}.Debug|x86.Build.0 = Debug|Any CPU
		{D7EE5EEF-521D-4278-AA4F-9B16B8E1D6D4}.Debug|x86.Deploy.0 = Debug|Any CPU
		{D7EE5EEF-521D-4278-AA4F-9B16B8E1D6D4}.Release|Any CPU.ActiveCfg = Release|Any CPU
		{D7EE5EEF-521D-4278-AA4F-9B16B8E1D6D4}.Release|Any CPU.Build.0 = Release|Any CPU
		{D7EE5EEF-521D-4278-AA4F-9B16B8E1D6D4}.Release|Any CPU.Deploy.0 = Release|Any CPU
		{D7EE5EEF-521D-4278-AA4F-9B16B8E1D6D4}.Release|ARM.ActiveCfg = Release|Any CPU
		{D7EE5EEF-521D-4278-AA4F-9B16B8E1D6D4}.Release|ARM.Build.0 = Release|Any CPU
		{D7EE5EEF-521D-4278-AA4F-9B16B8E1D6D4}.Release|ARM.Deploy.0 = Release|Any CPU
		{D7EE5EEF-521D-4278-AA4F-9B16B8E1D6D4}.Release|iPhone.ActiveCfg = Release|Any CPU
		{D7EE5EEF-521D-4278-AA4F-9B16B8E1D6D4}.Release|iPhone.Build.0 = Release|Any CPU
		{D7EE5EEF-521D-4278-AA4F-9B16B8E1D6D4}.Release|iPhone.Deploy.0 = Release|Any CPU
		{D7EE5EEF-521D-4278-AA4F-9B16B8E1D6D4}.Release|iPhoneSimulator.ActiveCfg = Release|Any CPU
		{D7EE5EEF-521D-4278-AA4F-9B16B8E1D6D4}.Release|iPhoneSimulator.Build.0 = Release|Any CPU
		{D7EE5EEF-521D-4278-AA4F-9B16B8E1D6D4}.Release|iPhoneSimulator.Deploy.0 = Release|Any CPU
		{D7EE5EEF-521D-4278-AA4F-9B16B8E1D6D4}.Release|x64.ActiveCfg = Release|Any CPU
		{D7EE5EEF-521D-4278-AA4F-9B16B8E1D6D4}.Release|x64.Build.0 = Release|Any CPU
		{D7EE5EEF-521D-4278-AA4F-9B16B8E1D6D4}.Release|x64.Deploy.0 = Release|Any CPU
		{D7EE5EEF-521D-4278-AA4F-9B16B8E1D6D4}.Release|x86.ActiveCfg = Release|Any CPU
		{D7EE5EEF-521D-4278-AA4F-9B16B8E1D6D4}.Release|x86.Build.0 = Release|Any CPU
		{D7EE5EEF-521D-4278-AA4F-9B16B8E1D6D4}.Release|x86.Deploy.0 = Release|Any CPU
		{2C255203-7BEB-4B2A-BE00-2199DDD52DAE}.Debug|Any CPU.ActiveCfg = Debug|iPhone
		{2C255203-7BEB-4B2A-BE00-2199DDD52DAE}.Debug|Any CPU.Build.0 = Debug|iPhone
		{2C255203-7BEB-4B2A-BE00-2199DDD52DAE}.Debug|Any CPU.Deploy.0 = Debug|iPhone
		{2C255203-7BEB-4B2A-BE00-2199DDD52DAE}.Debug|ARM.ActiveCfg = Debug|iPhoneSimulator
		{2C255203-7BEB-4B2A-BE00-2199DDD52DAE}.Debug|ARM.Build.0 = Debug|iPhoneSimulator
		{2C255203-7BEB-4B2A-BE00-2199DDD52DAE}.Debug|ARM.Deploy.0 = Debug|iPhoneSimulator
		{2C255203-7BEB-4B2A-BE00-2199DDD52DAE}.Debug|iPhone.ActiveCfg = Debug|iPhone
		{2C255203-7BEB-4B2A-BE00-2199DDD52DAE}.Debug|iPhone.Build.0 = Debug|iPhone
		{2C255203-7BEB-4B2A-BE00-2199DDD52DAE}.Debug|iPhone.Deploy.0 = Debug|iPhone
		{2C255203-7BEB-4B2A-BE00-2199DDD52DAE}.Debug|iPhoneSimulator.ActiveCfg = Debug|iPhoneSimulator
		{2C255203-7BEB-4B2A-BE00-2199DDD52DAE}.Debug|iPhoneSimulator.Build.0 = Debug|iPhoneSimulator
		{2C255203-7BEB-4B2A-BE00-2199DDD52DAE}.Debug|iPhoneSimulator.Deploy.0 = Debug|iPhoneSimulator
		{2C255203-7BEB-4B2A-BE00-2199DDD52DAE}.Debug|x64.ActiveCfg = Debug|iPhone
		{2C255203-7BEB-4B2A-BE00-2199DDD52DAE}.Debug|x64.Build.0 = Debug|iPhone
		{2C255203-7BEB-4B2A-BE00-2199DDD52DAE}.Debug|x64.Deploy.0 = Debug|iPhone
		{2C255203-7BEB-4B2A-BE00-2199DDD52DAE}.Debug|x86.ActiveCfg = Debug|iPhone
		{2C255203-7BEB-4B2A-BE00-2199DDD52DAE}.Debug|x86.Build.0 = Debug|iPhone
		{2C255203-7BEB-4B2A-BE00-2199DDD52DAE}.Debug|x86.Deploy.0 = Debug|iPhone
		{2C255203-7BEB-4B2A-BE00-2199DDD52DAE}.Release|Any CPU.ActiveCfg = Release|iPhone
		{2C255203-7BEB-4B2A-BE00-2199DDD52DAE}.Release|Any CPU.Build.0 = Release|iPhone
		{2C255203-7BEB-4B2A-BE00-2199DDD52DAE}.Release|Any CPU.Deploy.0 = Release|iPhone
		{2C255203-7BEB-4B2A-BE00-2199DDD52DAE}.Release|ARM.ActiveCfg = Release|iPhone
		{2C255203-7BEB-4B2A-BE00-2199DDD52DAE}.Release|ARM.Build.0 = Release|iPhone
		{2C255203-7BEB-4B2A-BE00-2199DDD52DAE}.Release|ARM.Deploy.0 = Release|iPhone
		{2C255203-7BEB-4B2A-BE00-2199DDD52DAE}.Release|iPhone.ActiveCfg = Release|iPhone
		{2C255203-7BEB-4B2A-BE00-2199DDD52DAE}.Release|iPhone.Build.0 = Release|iPhone
		{2C255203-7BEB-4B2A-BE00-2199DDD52DAE}.Release|iPhone.Deploy.0 = Release|iPhone
		{2C255203-7BEB-4B2A-BE00-2199DDD52DAE}.Release|iPhoneSimulator.ActiveCfg = Release|iPhoneSimulator
		{2C255203-7BEB-4B2A-BE00-2199DDD52DAE}.Release|iPhoneSimulator.Build.0 = Release|iPhoneSimulator
		{2C255203-7BEB-4B2A-BE00-2199DDD52DAE}.Release|iPhoneSimulator.Deploy.0 = Release|iPhoneSimulator
		{2C255203-7BEB-4B2A-BE00-2199DDD52DAE}.Release|x64.ActiveCfg = Release|iPhone
		{2C255203-7BEB-4B2A-BE00-2199DDD52DAE}.Release|x64.Build.0 = Release|iPhone
		{2C255203-7BEB-4B2A-BE00-2199DDD52DAE}.Release|x64.Deploy.0 = Release|iPhone
		{2C255203-7BEB-4B2A-BE00-2199DDD52DAE}.Release|x86.ActiveCfg = Release|iPhone
		{2C255203-7BEB-4B2A-BE00-2199DDD52DAE}.Release|x86.Build.0 = Release|iPhone
		{2C255203-7BEB-4B2A-BE00-2199DDD52DAE}.Release|x86.Deploy.0 = Release|iPhone
		{EAD75F83-1C7C-43A6-84FB-A3CE8D0F5D3B}.Debug|Any CPU.ActiveCfg = Debug|Any CPU
		{EAD75F83-1C7C-43A6-84FB-A3CE8D0F5D3B}.Debug|Any CPU.Build.0 = Debug|Any CPU
		{EAD75F83-1C7C-43A6-84FB-A3CE8D0F5D3B}.Debug|Any CPU.Deploy.0 = Debug|Any CPU
		{EAD75F83-1C7C-43A6-84FB-A3CE8D0F5D3B}.Debug|ARM.ActiveCfg = Debug|Any CPU
		{EAD75F83-1C7C-43A6-84FB-A3CE8D0F5D3B}.Debug|ARM.Build.0 = Debug|Any CPU
		{EAD75F83-1C7C-43A6-84FB-A3CE8D0F5D3B}.Debug|ARM.Deploy.0 = Debug|Any CPU
		{EAD75F83-1C7C-43A6-84FB-A3CE8D0F5D3B}.Debug|iPhone.ActiveCfg = Debug|Any CPU
		{EAD75F83-1C7C-43A6-84FB-A3CE8D0F5D3B}.Debug|iPhone.Build.0 = Debug|Any CPU
		{EAD75F83-1C7C-43A6-84FB-A3CE8D0F5D3B}.Debug|iPhone.Deploy.0 = Debug|Any CPU
		{EAD75F83-1C7C-43A6-84FB-A3CE8D0F5D3B}.Debug|iPhoneSimulator.ActiveCfg = Debug|Any CPU
		{EAD75F83-1C7C-43A6-84FB-A3CE8D0F5D3B}.Debug|iPhoneSimulator.Build.0 = Debug|Any CPU
		{EAD75F83-1C7C-43A6-84FB-A3CE8D0F5D3B}.Debug|iPhoneSimulator.Deploy.0 = Debug|Any CPU
		{EAD75F83-1C7C-43A6-84FB-A3CE8D0F5D3B}.Debug|x64.ActiveCfg = Debug|Any CPU
		{EAD75F83-1C7C-43A6-84FB-A3CE8D0F5D3B}.Debug|x64.Build.0 = Debug|Any CPU
		{EAD75F83-1C7C-43A6-84FB-A3CE8D0F5D3B}.Debug|x64.Deploy.0 = Debug|Any CPU
		{EAD75F83-1C7C-43A6-84FB-A3CE8D0F5D3B}.Debug|x86.ActiveCfg = Debug|Any CPU
		{EAD75F83-1C7C-43A6-84FB-A3CE8D0F5D3B}.Debug|x86.Build.0 = Debug|Any CPU
		{EAD75F83-1C7C-43A6-84FB-A3CE8D0F5D3B}.Debug|x86.Deploy.0 = Debug|Any CPU
		{EAD75F83-1C7C-43A6-84FB-A3CE8D0F5D3B}.Release|Any CPU.ActiveCfg = Release|Any CPU
		{EAD75F83-1C7C-43A6-84FB-A3CE8D0F5D3B}.Release|Any CPU.Build.0 = Release|Any CPU
		{EAD75F83-1C7C-43A6-84FB-A3CE8D0F5D3B}.Release|Any CPU.Deploy.0 = Release|Any CPU
		{EAD75F83-1C7C-43A6-84FB-A3CE8D0F5D3B}.Release|ARM.ActiveCfg = Release|Any CPU
		{EAD75F83-1C7C-43A6-84FB-A3CE8D0F5D3B}.Release|ARM.Build.0 = Release|Any CPU
		{EAD75F83-1C7C-43A6-84FB-A3CE8D0F5D3B}.Release|ARM.Deploy.0 = Release|Any CPU
		{EAD75F83-1C7C-43A6-84FB-A3CE8D0F5D3B}.Release|iPhone.ActiveCfg = Release|Any CPU
		{EAD75F83-1C7C-43A6-84FB-A3CE8D0F5D3B}.Release|iPhone.Build.0 = Release|Any CPU
		{EAD75F83-1C7C-43A6-84FB-A3CE8D0F5D3B}.Release|iPhone.Deploy.0 = Release|Any CPU
		{EAD75F83-1C7C-43A6-84FB-A3CE8D0F5D3B}.Release|iPhoneSimulator.ActiveCfg = Release|Any CPU
		{EAD75F83-1C7C-43A6-84FB-A3CE8D0F5D3B}.Release|iPhoneSimulator.Build.0 = Release|Any CPU
		{EAD75F83-1C7C-43A6-84FB-A3CE8D0F5D3B}.Release|iPhoneSimulator.Deploy.0 = Release|Any CPU
		{EAD75F83-1C7C-43A6-84FB-A3CE8D0F5D3B}.Release|x64.ActiveCfg = Release|Any CPU
		{EAD75F83-1C7C-43A6-84FB-A3CE8D0F5D3B}.Release|x64.Build.0 = Release|Any CPU
		{EAD75F83-1C7C-43A6-84FB-A3CE8D0F5D3B}.Release|x64.Deploy.0 = Release|Any CPU
		{EAD75F83-1C7C-43A6-84FB-A3CE8D0F5D3B}.Release|x86.ActiveCfg = Release|Any CPU
		{EAD75F83-1C7C-43A6-84FB-A3CE8D0F5D3B}.Release|x86.Build.0 = Release|Any CPU
		{EAD75F83-1C7C-43A6-84FB-A3CE8D0F5D3B}.Release|x86.Deploy.0 = Release|Any CPU
	EndGlobalSection
	GlobalSection(SolutionProperties) = preSolution
		HideSolutionNode = FALSE
	EndGlobalSection
	GlobalSection(ExtensibilityGlobals) = postSolution
		SolutionGuid = {643833C2-680C-4177-96B4-4ABB20D4FD42}
	EndGlobalSection
EndGlobal
